{
  "name": "advent-of-code-2020",
  "version": "1.0.0",
  "lockfileVersion": 1,
  "requires": true,
  "dependencies": {
    "dotenv": {
      "version": "8.2.0",
      "resolved": "https://registry.npmjs.org/dotenv/-/dotenv-8.2.0.tgz",
      "integrity": "sha512-8sJ78ElpbDJBHNeBzUbUVLsqKdccaa/BXF1uPTw3GrvQTBgrQrtObr2mUrE38vzYd8cEv+m/JBfDLioYcfXoaw=="
    },
    "graph-data-structure": {
      "version": "1.13.0",
      "resolved": "https://registry.npmjs.org/graph-data-structure/-/graph-data-structure-1.13.0.tgz",
      "integrity": "sha512-ZTmwnno/Fk1cozBeW1cgWpKtCw8qaVxhaboQYxrNa7RmOQPW4NAF7GkDripLl20Vzu2BH12ED0uaqo9ayjjH7Q=="
    },
    "node-fetch": {
      "version": "2.6.1",
      "resolved": "https://registry.npmjs.org/node-fetch/-/node-fetch-2.6.1.tgz",
      "integrity": "sha512-V4aYg89jEoVRxRb2fJdAg8FHvI7cEyYdVAh94HH0UIK8oJxUfkjlDQN9RbMx+bEjP7+ggMiFRprSti032Oipxw=="
    }
  }
}
